
Microsoft Visual Studio Solution File, Format Version 12.00
# Visual Studio 15
VisualStudioVersion = 15.0.28307.136
MinimumVisualStudioVersion = 10.0.40219.1
Project("{FAE04EC0-301F-11D3-BF4B-00C04F79EFBC}") = "Fooxboy.FusionBot", "Fooxboy.FusionBot\Fooxboy.FusionBot.csproj", "{6A84F3A4-2272-4E5F-8ECB-76C19B9FDD92}"
EndProject
Global
	GlobalSection(SolutionConfigurationPlatforms) = preSolution
		Debug|Any CPU = Debug|Any CPU
		Release|Any CPU = Release|Any CPU
	EndGlobalSection
	GlobalSection(ProjectConfigurationPlatforms) = postSolution
		{6A84F3A4-2272-4E5F-8ECB-76C19B9FDD92}.Debug|Any CPU.ActiveCfg = Debug|Any CPU
		{6A84F3A4-2272-4E5F-8ECB-76C19B9FDD92}.Debug|Any CPU.Build.0 = Debug|Any CPU
		{6A84F3A4-2272-4E5F-8ECB-76C19B9FDD92}.Release|Any CPU.ActiveCfg = Release|Any CPU
		{6A84F3A4-2272-4E5F-8ECB-76C19B9FDD92}.Release|Any CPU.Build.0 = Release|Any CPU
	EndGlobalSection
	GlobalSection(SolutionProperties) = preSolution
		HideSolutionNode = FALSE
	EndGlobalSection
	GlobalSection(ExtensibilityGlobals) = postSolution
		SolutionGuid = {C08245EB-E0EA-47FB-AFC9-F276B007F021}
	EndGlobalSection
EndGlobal
